{
    "_meta": {
        "hash": {
            "sha256": "a03d4137bd21489c654b9eb76ae26e7d2f0f40d83b63cfa971be644e59897216"
        },
        "pipfile-spec": 6,
        "requires": {},
        "sources": [
            {
                "name": "pypi",
                "url": "https://pypi.org/simple",
                "verify_ssl": true
            }
        ]
    },
    "default": {
        "certifi": {
            "hashes": [
                "sha256:1a4995114262bffbc2413b159f2a1a480c969de6e6eb13ee966d470af86af59c",
                "sha256:719a74fb9e33b9bd44cc7f3a8d94bc35e4049deebe19ba7d8e108280cfd59830"
            ],
            "version": "==2020.12.5"
        },
        "chardet": {
            "hashes": [
                "sha256:0d6f53a15db4120f2b08c94f11e7d93d2c911ee118b6b30a04ec3ee8310179fa",
                "sha256:f864054d66fd9118f2e67044ac8981a54775ec5b67aed0441892edb553d21da5"
            ],
            "version": "==4.0.0"
        },
        "idna": {
            "hashes": [
                "sha256:b307872f855b18632ce0c21c5e45be78c0ea7ae4c15c828c20788b26921eb3f6",
                "sha256:b97d804b1e9b523befed77c48dacec60e6dcb0b5391d57af6a65a312a90648c0"
            ],
            "version": "==2.10"
        },
        "pvoutput": {
            "hashes": [
                "sha256:3d19a546c517d3b226d598b5185b56ee5ef24d968a5fca8504d70d95fa8c755b",
                "sha256:f6b5686eef78870475567c75b47a422b053bac00f8bbbc87a64e58a90c569e84"
            ],
            "index": "pypi",
            "version": "==0.0.5"
        },
        "pygoodwe": {
            "hashes": [
                "sha256:7481f4f30ed699010eaf4dd33406b19f4d7126a0acd72e5223c5c425e526ce81",
                "sha256:c5cca3fae83cecb5bbff217e7c26a8c1aa41cf9ac00019281a6381fc370ed04b"
            ],
            "index": "pypi",
            "version": "==0.0.16"
        },
        "requests": {
            "hashes": [
                "sha256:27973dd4a904a4f13b263a19c866c13b92a39ed1c964655f025f3f8d3d75b804",
                "sha256:c210084e36a42ae6b9219e00e48287def368a26d03a048ddad7bfee44f75871e"
            ],
            "version": "==2.25.1"
        },
        "schedule": {
            "hashes": [
                "sha256:617adce8b4bf38c360b781297d59918fbebfb2878f1671d189f4f4af5d0567a4",
                "sha256:e6ca13585e62c810e13a08682e0a6a8ad245372e376ba2b8679294f377dfc8e4"
            ],
            "index": "pypi",
            "version": "==1.1.0"
        },
        "urllib3": {
            "hashes": [
                "sha256:2f4da4594db7e1e110a944bb1b551fdf4e6c136ad42e4234131391e21eb5b0df",
                "sha256:e7b021f7241115872f92f43c6508082facffbd1c048e3c6e2bb9c2a157e28937"
            ],
            "version": "==1.26.4"
        }
    },
    "develop": {}
}
