{
    "_meta": {
        "hash": {
            "sha256": "6baa67b06d434e94ba812e595201955bb775b462f98b252ef1b29948f3fb15ac"
        },
        "pipfile-spec": 6,
        "requires": {
            "python_version": "3.7"
        },
        "sources": [
            {
                "name": "pypi",
                "url": "https://pypi.org/simple",
                "verify_ssl": true
            }
        ]
    },
    "default": {
        "certifi": {
            "hashes": [
                "sha256:e4f3620cfea4f83eedc95b24abd9cd56f3c4b146dd0177e83a21b4eb49e21e50",
                "sha256:fd7c7c74727ddcf00e9acd26bba8da604ffec95bf1c2144e67aff7a8b50e6cef"
            ],
            "version": "==2019.9.11"
        },
        "chardet": {
            "hashes": [
                "sha256:84ab92ed1c4d4f16916e05906b6b75a6c0fb5db821cc65e70cbd64a3e2a5eaae",
                "sha256:fc323ffcaeaed0e0a02bf4d117757b98aed530d9ed4531e3e15460124c106691"
            ],
            "version": "==3.0.4"
        },
        "idna": {
            "hashes": [
                "sha256:c357b3f628cf53ae2c4c05627ecc484553142ca23264e593d327bcde5e9c3407",
                "sha256:ea8b7f6188e6fa117537c3df7da9fc686d485087abf6ac197f9c46432f7e4a3c"
            ],
            "version": "==2.8"
        },
        "pvoutput": {
            "hashes": [
                "sha256:58075e39c2ec3a43f254a149f46dd3e81377cae6df8d4752c672ff077f84901d",
                "sha256:def7cbd3c107764958f071662f0018bdf949a90573769797575bd5b64fc7cc52"
            ],
            "index": "pypi",
            "version": "==0.0.3"
        },
        "pygoodwe": {
            "hashes": [
                "sha256:886254ae5deafdbd6eb325332c689121de42e040cd6e1d69f30d2a602d612306",
                "sha256:88dc48ac5848991a55aeb0bfe21b01f3fecb11a7a29869fa33733f47189af5be"
            ],
            "index": "pypi",
            "version": "==0.0.11"
        },
        "requests": {
            "hashes": [
                "sha256:11e007a8a2aa0323f5a921e9e6a2d7e4e67d9877e85773fba9ba6419025cbeb4",
                "sha256:9cf5292fcd0f598c671cfc1e0d7d1a7f13bb8085e9a590f48c010551dc6c4b31"
            ],
            "version": "==2.22.0"
        },
        "schedule": {
            "hashes": [
                "sha256:3f895a1036799a25ab9c335de917073e63cf8256920917e932777382f101f08f",
                "sha256:f9fb5181283de4db6e701d476dd01b6a3dd81c38462a54991ddbb9d26db857c9"
            ],
            "index": "pypi",
            "version": "==0.6.0"
        },
        "urllib3": {
            "hashes": [
                "sha256:3de946ffbed6e6746608990594d08faac602528ac7015ac28d33cee6a45b7398",
                "sha256:9a107b99a5393caf59c7aa3c1249c16e6879447533d0887f4336dde834c7be86"
            ],
            "version": "==1.25.6"
        }
    },
    "develop": {}
}
